
Microsoft Visual Studio Solution File, Format Version 12.00
# Visual Studio Version 16
VisualStudioVersion = 16.0.32602.291
MinimumVisualStudioVersion = 10.0.40219.1
Project("{FAE04EC0-301F-11D3-BF4B-00C04F79EFBC}") = "ZadanieEuvic", "ZadanieEuvic\ZadanieEuvic.csproj", "{B14AC51C-A9E4-4AED-A9DA-BD87AE482662}"
EndProject
Global
	GlobalSection(SolutionConfigurationPlatforms) = preSolution
		Debug|Any CPU = Debug|Any CPU
		Release|Any CPU = Release|Any CPU
	EndGlobalSection
	GlobalSection(ProjectConfigurationPlatforms) = postSolution
		{B14AC51C-A9E4-4AED-A9DA-BD87AE482662}.Debug|Any CPU.ActiveCfg = Debug|Any CPU
		{B14AC51C-A9E4-4AED-A9DA-BD87AE482662}.Debug|Any CPU.Build.0 = Debug|Any CPU
		{B14AC51C-A9E4-4AED-A9DA-BD87AE482662}.Release|Any CPU.ActiveCfg = Release|Any CPU
		{B14AC51C-A9E4-4AED-A9DA-BD87AE482662}.Release|Any CPU.Build.0 = Release|Any CPU
	EndGlobalSection
	GlobalSection(SolutionProperties) = preSolution
		HideSolutionNode = FALSE
	EndGlobalSection
	GlobalSection(ExtensibilityGlobals) = postSolution
		SolutionGuid = {02DE12B8-FD10-488A-9043-6D7660581580}
	EndGlobalSection
EndGlobal
